
Microsoft Visual Studio Solution File, Format Version 12.00
# Visual Studio Version 16
VisualStudioVersion = 16.0.30104.148
MinimumVisualStudioVersion = 10.0.40219.1
Project("{9A19103F-16F7-4668-BE54-9A1E7A4F7556}") = "ClientLibrary", "Client library\ClientLibrary.csproj", "{4AD142BB-C922-4B5E-A0A9-C9FA8B0DFE75}"
EndProject
Project("{9A19103F-16F7-4668-BE54-9A1E7A4F7556}") = "ClientShell", "ClientShell\ClientShell.csproj", "{1C9CCC87-C4D6-4B30-8FA0-2C047B6FAED2}"
EndProject
Project("{9A19103F-16F7-4668-BE54-9A1E7A4F7556}") = "CommonLibrary", "CommonLibrary\CommonLibrary.csproj", "{0CF29B69-11A7-446C-9F07-5DA6B2C03BE5}"
EndProject
Project("{9A19103F-16F7-4668-BE54-9A1E7A4F7556}") = "TestProject", "TestProject\TestProject.csproj", "{E9D3622C-602D-4D7F-B2C9-88FED24C19FF}"
EndProject
Project("{9A19103F-16F7-4668-BE54-9A1E7A4F7556}") = "Server", "Server\Server.csproj", "{A8A4FFAE-27AB-4C64-B42D-FF2E5447116A}"
EndProject
Global
	GlobalSection(SolutionConfigurationPlatforms) = preSolution
		Debug|Any CPU = Debug|Any CPU
		Release|Any CPU = Release|Any CPU
	EndGlobalSection
	GlobalSection(ProjectConfigurationPlatforms) = postSolution
		{4AD142BB-C922-4B5E-A0A9-C9FA8B0DFE75}.Debug|Any CPU.ActiveCfg = Debug|Any CPU
		{4AD142BB-C922-4B5E-A0A9-C9FA8B0DFE75}.Debug|Any CPU.Build.0 = Debug|Any CPU
		{4AD142BB-C922-4B5E-A0A9-C9FA8B0DFE75}.Release|Any CPU.ActiveCfg = Release|Any CPU
		{4AD142BB-C922-4B5E-A0A9-C9FA8B0DFE75}.Release|Any CPU.Build.0 = Release|Any CPU
		{1C9CCC87-C4D6-4B30-8FA0-2C047B6FAED2}.Debug|Any CPU.ActiveCfg = Debug|Any CPU
		{1C9CCC87-C4D6-4B30-8FA0-2C047B6FAED2}.Debug|Any CPU.Build.0 = Debug|Any CPU
		{1C9CCC87-C4D6-4B30-8FA0-2C047B6FAED2}.Release|Any CPU.ActiveCfg = Release|Any CPU
		{1C9CCC87-C4D6-4B30-8FA0-2C047B6FAED2}.Release|Any CPU.Build.0 = Release|Any CPU
		{0CF29B69-11A7-446C-9F07-5DA6B2C03BE5}.Debug|Any CPU.ActiveCfg = Debug|Any CPU
		{0CF29B69-11A7-446C-9F07-5DA6B2C03BE5}.Debug|Any CPU.Build.0 = Debug|Any CPU
		{0CF29B69-11A7-446C-9F07-5DA6B2C03BE5}.Release|Any CPU.ActiveCfg = Release|Any CPU
		{0CF29B69-11A7-446C-9F07-5DA6B2C03BE5}.Release|Any CPU.Build.0 = Release|Any CPU
		{E9D3622C-602D-4D7F-B2C9-88FED24C19FF}.Debug|Any CPU.ActiveCfg = Debug|Any CPU
		{E9D3622C-602D-4D7F-B2C9-88FED24C19FF}.Debug|Any CPU.Build.0 = Debug|Any CPU
		{E9D3622C-602D-4D7F-B2C9-88FED24C19FF}.Release|Any CPU.ActiveCfg = Release|Any CPU
		{E9D3622C-602D-4D7F-B2C9-88FED24C19FF}.Release|Any CPU.Build.0 = Release|Any CPU
		{A8A4FFAE-27AB-4C64-B42D-FF2E5447116A}.Debug|Any CPU.ActiveCfg = Debug|Any CPU
		{A8A4FFAE-27AB-4C64-B42D-FF2E5447116A}.Debug|Any CPU.Build.0 = Debug|Any CPU
		{A8A4FFAE-27AB-4C64-B42D-FF2E5447116A}.Release|Any CPU.ActiveCfg = Release|Any CPU
		{A8A4FFAE-27AB-4C64-B42D-FF2E5447116A}.Release|Any CPU.Build.0 = Release|Any CPU
	EndGlobalSection
	GlobalSection(SolutionProperties) = preSolution
		HideSolutionNode = FALSE
	EndGlobalSection
	GlobalSection(ExtensibilityGlobals) = postSolution
		SolutionGuid = {43801E35-F563-4219-86FD-E3B0F72B6C5B}
	EndGlobalSection
EndGlobal
